// !$*UTF8*$!
{
	archiveVersion = 1;
	classes = {
	};
	objectVersion = 56;
	objects = {

/* Begin PBXBuildFile section */
		AC3C6D742910258100742CB6 /* GameManager.swift in Sources */ = {isa = PBXBuildFile; fileRef = AC3C6D732910258100742CB6 /* GameManager.swift */; };
		AC584C16290FB66800CA48A9 /* GameView.swift in Sources */ = {isa = PBXBuildFile; fileRef = ACAD37732900458F0080CD54 /* GameView.swift */; };
		AC584C18290FB92300CA48A9 /* EditableTextView.swift in Sources */ = {isa = PBXBuildFile; fileRef = AC584C17290FB92300CA48A9 /* EditableTextView.swift */; };
		AC584C1A290FD43600CA48A9 /* GameResult.swift in Sources */ = {isa = PBXBuildFile; fileRef = AC584C19290FD43600CA48A9 /* GameResult.swift */; };
		AC584C1C290FE20600CA48A9 /* GameResultListView.swift in Sources */ = {isa = PBXBuildFile; fileRef = AC584C1B290FE20600CA48A9 /* GameResultListView.swift */; };
		ACAD37722900458F0080CD54 /* first_appApp.swift in Sources */ = {isa = PBXBuildFile; fileRef = ACAD37712900458F0080CD54 /* first_appApp.swift */; };
		ACAD3776290045900080CD54 /* Assets.xcassets in Resources */ = {isa = PBXBuildFile; fileRef = ACAD3775290045900080CD54 /* Assets.xcassets */; };
		ACAD3779290045900080CD54 /* Preview Assets.xcassets in Resources */ = {isa = PBXBuildFile; fileRef = ACAD3778290045900080CD54 /* Preview Assets.xcassets */; };
		ACAD3783290045900080CD54 /* first_appTests.swift in Sources */ = {isa = PBXBuildFile; fileRef = ACAD3782290045900080CD54 /* first_appTests.swift */; };
		ACAD378D290045900080CD54 /* first_appUITests.swift in Sources */ = {isa = PBXBuildFile; fileRef = ACAD378C290045900080CD54 /* first_appUITests.swift */; };
		ACAD378F290045900080CD54 /* first_appUITestsLaunchTests.swift in Sources */ = {isa = PBXBuildFile; fileRef = ACAD378E290045900080CD54 /* first_appUITestsLaunchTests.swift */; };
/* End PBXBuildFile section */

/* Begin PBXContainerItemProxy section */
		ACAD377F290045900080CD54 /* PBXContainerItemProxy */ = {
			isa = PBXContainerItemProxy;
			containerPortal = ACAD37662900458F0080CD54 /* Project object */;
			proxyType = 1;
			remoteGlobalIDString = ACAD376D2900458F0080CD54;
			remoteInfo = first_app;
		};
		ACAD3789290045900080CD54 /* PBXContainerItemProxy */ = {
			isa = PBXContainerItemProxy;
			containerPortal = ACAD37662900458F0080CD54 /* Project object */;
			proxyType = 1;
			remoteGlobalIDString = ACAD376D2900458F0080CD54;
			remoteInfo = first_app;
		};
/* End PBXContainerItemProxy section */

/* Begin PBXFileReference section */
		AC3C6D732910258100742CB6 /* GameManager.swift */ = {isa = PBXFileReference; lastKnownFileType = sourcecode.swift; path = GameManager.swift; sourceTree = "<group>"; };
		AC584C17290FB92300CA48A9 /* EditableTextView.swift */ = {isa = PBXFileReference; lastKnownFileType = sourcecode.swift; path = EditableTextView.swift; sourceTree = "<group>"; };
		AC584C19290FD43600CA48A9 /* GameResult.swift */ = {isa = PBXFileReference; lastKnownFileType = sourcecode.swift; path = GameResult.swift; sourceTree = "<group>"; };
		AC584C1B290FE20600CA48A9 /* GameResultListView.swift */ = {isa = PBXFileReference; lastKnownFileType = sourcecode.swift; path = GameResultListView.swift; sourceTree = "<group>"; };
		ACAD376E2900458F0080CD54 /* first_app.app */ = {isa = PBXFileReference; explicitFileType = wrapper.application; includeInIndex = 0; path = first_app.app; sourceTree = BUILT_PRODUCTS_DIR; };
		ACAD37712900458F0080CD54 /* first_appApp.swift */ = {isa = PBXFileReference; lastKnownFileType = sourcecode.swift; path = first_appApp.swift; sourceTree = "<group>"; };
		ACAD37732900458F0080CD54 /* GameView.swift */ = {isa = PBXFileReference; lastKnownFileType = sourcecode.swift; path = GameView.swift; sourceTree = "<group>"; };
		ACAD3775290045900080CD54 /* Assets.xcassets */ = {isa = PBXFileReference; lastKnownFileType = folder.assetcatalog; path = Assets.xcassets; sourceTree = "<group>"; };
		ACAD3778290045900080CD54 /* Preview Assets.xcassets */ = {isa = PBXFileReference; lastKnownFileType = folder.assetcatalog; path = "Preview Assets.xcassets"; sourceTree = "<group>"; };
		ACAD377E290045900080CD54 /* first_appTests.xctest */ = {isa = PBXFileReference; explicitFileType = wrapper.cfbundle; includeInIndex = 0; path = first_appTests.xctest; sourceTree = BUILT_PRODUCTS_DIR; };
		ACAD3782290045900080CD54 /* first_appTests.swift */ = {isa = PBXFileReference; lastKnownFileType = sourcecode.swift; path = first_appTests.swift; sourceTree = "<group>"; };
		ACAD3788290045900080CD54 /* first_appUITests.xctest */ = {isa = PBXFileReference; explicitFileType = wrapper.cfbundle; includeInIndex = 0; path = first_appUITests.xctest; sourceTree = BUILT_PRODUCTS_DIR; };
		ACAD378C290045900080CD54 /* first_appUITests.swift */ = {isa = PBXFileReference; lastKnownFileType = sourcecode.swift; path = first_appUITests.swift; sourceTree = "<group>"; };
		ACAD378E290045900080CD54 /* first_appUITestsLaunchTests.swift */ = {isa = PBXFileReference; lastKnownFileType = sourcecode.swift; path = first_appUITestsLaunchTests.swift; sourceTree = "<group>"; };
/* End PBXFileReference section */

/* Begin PBXFrameworksBuildPhase section */
		ACAD376B2900458F0080CD54 /* Frameworks */ = {
			isa = PBXFrameworksBuildPhase;
			buildActionMask = 2147483647;
			files = (
			);
			runOnlyForDeploymentPostprocessing = 0;
		};
		ACAD377B290045900080CD54 /* Frameworks */ = {
			isa = PBXFrameworksBuildPhase;
			buildActionMask = 2147483647;
			files = (
			);
			runOnlyForDeploymentPostprocessing = 0;
		};
		ACAD3785290045900080CD54 /* Frameworks */ = {
			isa = PBXFrameworksBuildPhase;
			buildActionMask = 2147483647;
			files = (
			);
			runOnlyForDeploymentPostprocessing = 0;
		};
/* End PBXFrameworksBuildPhase section */

/* Begin PBXGroup section */
		AC3C6D7029101E7700742CB6 /* data */ = {
			isa = PBXGroup;
			children = (
				AC584C19290FD43600CA48A9 /* GameResult.swift */,
				AC3C6D732910258100742CB6 /* GameManager.swift */,
			);
			path = data;
			sourceTree = "<group>";
		};
		AC3C6D712910220300742CB6 /* ui */ = {
			isa = PBXGroup;
			children = (
				AC3C6D722910222F00742CB6 /* components */,
				ACAD37732900458F0080CD54 /* GameView.swift */,
				AC584C1B290FE20600CA48A9 /* GameResultListView.swift */,
			);
			path = ui;
			sourceTree = "<group>";
		};
		AC3C6D722910222F00742CB6 /* components */ = {
			isa = PBXGroup;
			children = (
				AC584C17290FB92300CA48A9 /* EditableTextView.swift */,
			);
			path = components;
			sourceTree = "<group>";
		};
		ACAD37652900458F0080CD54 = {
			isa = PBXGroup;
			children = (
				ACAD37702900458F0080CD54 /* first_app */,
				ACAD3781290045900080CD54 /* first_appTests */,
				ACAD378B290045900080CD54 /* first_appUITests */,
				ACAD376F2900458F0080CD54 /* Products */,
			);
			sourceTree = "<group>";
		};
		ACAD376F2900458F0080CD54 /* Products */ = {
			isa = PBXGroup;
			children = (
				ACAD376E2900458F0080CD54 /* first_app.app */,
				ACAD377E290045900080CD54 /* first_appTests.xctest */,
				ACAD3788290045900080CD54 /* first_appUITests.xctest */,
			);
			name = Products;
			sourceTree = "<group>";
		};
		ACAD37702900458F0080CD54 /* first_app */ = {
			isa = PBXGroup;
			children = (
				AC3C6D7029101E7700742CB6 /* data */,
				ACAD37712900458F0080CD54 /* first_appApp.swift */,
				ACAD3775290045900080CD54 /* Assets.xcassets */,
				ACAD3777290045900080CD54 /* Preview Content */,
				AC3C6D712910220300742CB6 /* ui */,
			);
			path = first_app;
			sourceTree = "<group>";
		};
		ACAD3777290045900080CD54 /* Preview Content */ = {
			isa = PBXGroup;
			children = (
				ACAD3778290045900080CD54 /* Preview Assets.xcassets */,
			);
			path = "Preview Content";
			sourceTree = "<group>";
		};
		ACAD3781290045900080CD54 /* first_appTests */ = {
			isa = PBXGroup;
			children = (
				ACAD3782290045900080CD54 /* first_appTests.swift */,
			);
			path = first_appTests;
			sourceTree = "<group>";
		};
		ACAD378B290045900080CD54 /* first_appUITests */ = {
			isa = PBXGroup;
			children = (
				ACAD378C290045900080CD54 /* first_appUITests.swift */,
				ACAD378E290045900080CD54 /* first_appUITestsLaunchTests.swift */,
			);
			path = first_appUITests;
			sourceTree = "<group>";
		};
/* End PBXGroup section */

/* Begin PBXNativeTarget section */
		ACAD376D2900458F0080CD54 /* first_app */ = {
			isa = PBXNativeTarget;
			buildConfigurationList = ACAD3792290045900080CD54 /* Build configuration list for PBXNativeTarget "first_app" */;
			buildPhases = (
				ACAD376A2900458F0080CD54 /* Sources */,
				ACAD376B2900458F0080CD54 /* Frameworks */,
				ACAD376C2900458F0080CD54 /* Resources */,
			);
			buildRules = (
			);
			dependencies = (
			);
			name = first_app;
			productName = first_app;
			productReference = ACAD376E2900458F0080CD54 /* first_app.app */;
			productType = "com.apple.product-type.application";
		};
		ACAD377D290045900080CD54 /* first_appTests */ = {
			isa = PBXNativeTarget;
			buildConfigurationList = ACAD3795290045900080CD54 /* Build configuration list for PBXNativeTarget "first_appTests" */;
			buildPhases = (
				ACAD377A290045900080CD54 /* Sources */,
				ACAD377B290045900080CD54 /* Frameworks */,
				ACAD377C290045900080CD54 /* Resources */,
			);
			buildRules = (
			);
			dependencies = (
				ACAD3780290045900080CD54 /* PBXTargetDependency */,
			);
			name = first_appTests;
			productName = first_appTests;
			productReference = ACAD377E290045900080CD54 /* first_appTests.xctest */;
			productType = "com.apple.product-type.bundle.unit-test";
		};
		ACAD3787290045900080CD54 /* first_appUITests */ = {
			isa = PBXNativeTarget;
			buildConfigurationList = ACAD3798290045900080CD54 /* Build configuration list for PBXNativeTarget "first_appUITests" */;
			buildPhases = (
				ACAD3784290045900080CD54 /* Sources */,
				ACAD3785290045900080CD54 /* Frameworks */,
				ACAD3786290045900080CD54 /* Resources */,
			);
			buildRules = (
			);
			dependencies = (
				ACAD378A290045900080CD54 /* PBXTargetDependency */,
			);
			name = first_appUITests;
			productName = first_appUITests;
			productReference = ACAD3788290045900080CD54 /* first_appUITests.xctest */;
			productType = "com.apple.product-type.bundle.ui-testing";
		};
/* End PBXNativeTarget section */

/* Begin PBXProject section */
		ACAD37662900458F0080CD54 /* Project object */ = {
			isa = PBXProject;
			attributes = {
				BuildIndependentTargetsInParallel = 1;
				LastSwiftUpdateCheck = 1400;
				LastUpgradeCheck = 1400;
				TargetAttributes = {
					ACAD376D2900458F0080CD54 = {
						CreatedOnToolsVersion = 14.0.1;
					};
					ACAD377D290045900080CD54 = {
						CreatedOnToolsVersion = 14.0.1;
						TestTargetID = ACAD376D2900458F0080CD54;
					};
					ACAD3787290045900080CD54 = {
						CreatedOnToolsVersion = 14.0.1;
						TestTargetID = ACAD376D2900458F0080CD54;
					};
				};
			};
			buildConfigurationList = ACAD37692900458F0080CD54 /* Build configuration list for PBXProject "first_app" */;
			compatibilityVersion = "Xcode 14.0";
			developmentRegion = en;
			hasScannedForEncodings = 0;
			knownRegions = (
				en,
				Base,
			);
			mainGroup = ACAD37652900458F0080CD54;
			productRefGroup = ACAD376F2900458F0080CD54 /* Products */;
			projectDirPath = "";
			projectRoot = "";
			targets = (
				ACAD376D2900458F0080CD54 /* first_app */,
				ACAD377D290045900080CD54 /* first_appTests */,
				ACAD3787290045900080CD54 /* first_appUITests */,
			);
		};
/* End PBXProject section */

/* Begin PBXResourcesBuildPhase section */
		ACAD376C2900458F0080CD54 /* Resources */ = {
			isa = PBXResourcesBuildPhase;
			buildActionMask = 2147483647;
			files = (
				ACAD3779290045900080CD54 /* Preview Assets.xcassets in Resources */,
				ACAD3776290045900080CD54 /* Assets.xcassets in Resources */,
			);
			runOnlyForDeploymentPostprocessing = 0;
		};
		ACAD377C290045900080CD54 /* Resources */ = {
			isa = PBXResourcesBuildPhase;
			buildActionMask = 2147483647;
			files = (
			);
			runOnlyForDeploymentPostprocessing = 0;
		};
		ACAD3786290045900080CD54 /* Resources */ = {
			isa = PBXResourcesBuildPhase;
			buildActionMask = 2147483647;
			files = (
			);
			runOnlyForDeploymentPostprocessing = 0;
		};
/* End PBXResourcesBuildPhase section */

/* Begin PBXSourcesBuildPhase section */
		ACAD376A2900458F0080CD54 /* Sources */ = {
			isa = PBXSourcesBuildPhase;
			buildActionMask = 2147483647;
			files = (
				ACAD37722900458F0080CD54 /* first_appApp.swift in Sources */,
				AC3C6D742910258100742CB6 /* GameManager.swift in Sources */,
				AC584C16290FB66800CA48A9 /* GameView.swift in Sources */,
				AC584C18290FB92300CA48A9 /* EditableTextView.swift in Sources */,
				AC584C1C290FE20600CA48A9 /* GameResultListView.swift in Sources */,
				AC584C1A290FD43600CA48A9 /* GameResult.swift in Sources */,
			);
			runOnlyForDeploymentPostprocessing = 0;
		};
		ACAD377A290045900080CD54 /* Sources */ = {
			isa = PBXSourcesBuildPhase;
			buildActionMask = 2147483647;
			files = (
				ACAD3783290045900080CD54 /* first_appTests.swift in Sources */,
			);
			runOnlyForDeploymentPostprocessing = 0;
		};
		ACAD3784290045900080CD54 /* Sources */ = {
			isa = PBXSourcesBuildPhase;
			buildActionMask = 2147483647;
			files = (
				ACAD378D290045900080CD54 /* first_appUITests.swift in Sources */,
				ACAD378F290045900080CD54 /* first_appUITestsLaunchTests.swift in Sources */,
			);
			runOnlyForDeploymentPostprocessing = 0;
		};
/* End PBXSourcesBuildPhase section */

/* Begin PBXTargetDependency section */
		ACAD3780290045900080CD54 /* PBXTargetDependency */ = {
			isa = PBXTargetDependency;
			target = ACAD376D2900458F0080CD54 /* first_app */;
			targetProxy = ACAD377F290045900080CD54 /* PBXContainerItemProxy */;
		};
		ACAD378A290045900080CD54 /* PBXTargetDependency */ = {
			isa = PBXTargetDependency;
			target = ACAD376D2900458F0080CD54 /* first_app */;
			targetProxy = ACAD3789290045900080CD54 /* PBXContainerItemProxy */;
		};
/* End PBXTargetDependency section */

/* Begin XCBuildConfiguration section */
		ACAD3790290045900080CD54 /* Debug */ = {
			isa = XCBuildConfiguration;
			buildSettings = {
				ALWAYS_SEARCH_USER_PATHS = NO;
				CLANG_ANALYZER_NONNULL = YES;
				CLANG_ANALYZER_NUMBER_OBJECT_CONVERSION = YES_AGGRESSIVE;
				CLANG_CXX_LANGUAGE_STANDARD = "gnu++20";
				CLANG_ENABLE_MODULES = YES;
				CLANG_ENABLE_OBJC_ARC = YES;
				CLANG_ENABLE_OBJC_WEAK = YES;
				CLANG_WARN_BLOCK_CAPTURE_AUTORELEASING = YES;
				CLANG_WARN_BOOL_CONVERSION = YES;
				CLANG_WARN_COMMA = YES;
				CLANG_WARN_CONSTANT_CONVERSION = YES;
				CLANG_WARN_DEPRECATED_OBJC_IMPLEMENTATIONS = YES;
				CLANG_WARN_DIRECT_OBJC_ISA_USAGE = YES_ERROR;
				CLANG_WARN_DOCUMENTATION_COMMENTS = YES;
				CLANG_WARN_EMPTY_BODY = YES;
				CLANG_WARN_ENUM_CONVERSION = YES;
				CLANG_WARN_INFINITE_RECURSION = YES;
				CLANG_WARN_INT_CONVERSION = YES;
				CLANG_WARN_NON_LITERAL_NULL_CONVERSION = YES;
				CLANG_WARN_OBJC_IMPLICIT_RETAIN_SELF = YES;
				CLANG_WARN_OBJC_LITERAL_CONVERSION = YES;
				CLANG_WARN_OBJC_ROOT_CLASS = YES_ERROR;
				CLANG_WARN_QUOTED_INCLUDE_IN_FRAMEWORK_HEADER = YES;
				CLANG_WARN_RANGE_LOOP_ANALYSIS = YES;
				CLANG_WARN_STRICT_PROTOTYPES = YES;
				CLANG_WARN_SUSPICIOUS_MOVE = YES;
				CLANG_WARN_UNGUARDED_AVAILABILITY = YES_AGGRESSIVE;
				CLANG_WARN_UNREACHABLE_CODE = YES;
				CLANG_WARN__DUPLICATE_METHOD_MATCH = YES;
				COPY_PHASE_STRIP = NO;
				DEBUG_INFORMATION_FORMAT = dwarf;
				ENABLE_STRICT_OBJC_MSGSEND = YES;
				ENABLE_TESTABILITY = YES;
				GCC_C_LANGUAGE_STANDARD = gnu11;
				GCC_DYNAMIC_NO_PIC = NO;
				GCC_NO_COMMON_BLOCKS = YES;
				GCC_OPTIMIZATION_LEVEL = 0;
				GCC_PREPROCESSOR_DEFINITIONS = (
					"DEBUG=1",
					"$(inherited)",
				);
				GCC_WARN_64_TO_32_BIT_CONVERSION = YES;
				GCC_WARN_ABOUT_RETURN_TYPE = YES_ERROR;
				GCC_WARN_UNDECLARED_SELECTOR = YES;
				GCC_WARN_UNINITIALIZED_AUTOS = YES_AGGRESSIVE;
				GCC_WARN_UNUSED_FUNCTION = YES;
				GCC_WARN_UNUSED_VARIABLE = YES;
				IPHONEOS_DEPLOYMENT_TARGET = 16.0;
				MTL_ENABLE_DEBUG_INFO = INCLUDE_SOURCE;
				MTL_FAST_MATH = YES;
				ONLY_ACTIVE_ARCH = YES;
				SDKROOT = iphoneos;
				SWIFT_ACTIVE_COMPILATION_CONDITIONS = DEBUG;
				SWIFT_OPTIMIZATION_LEVEL = "-Onone";
			};
			name = Debug;
		};
		ACAD3791290045900080CD54 /* Release */ = {
			isa = XCBuildConfiguration;
			buildSettings = {
				ALWAYS_SEARCH_USER_PATHS = NO;
				CLANG_ANALYZER_NONNULL = YES;
				CLANG_ANALYZER_NUMBER_OBJECT_CONVERSION = YES_AGGRESSIVE;
				CLANG_CXX_LANGUAGE_STANDARD = "gnu++20";
				CLANG_ENABLE_MODULES = YES;
				CLANG_ENABLE_OBJC_ARC = YES;
				CLANG_ENABLE_OBJC_WEAK = YES;
				CLANG_WARN_BLOCK_CAPTURE_AUTORELEASING = YES;
				CLANG_WARN_BOOL_CONVERSION = YES;
				CLANG_WARN_COMMA = YES;
				CLANG_WARN_CONSTANT_CONVERSION = YES;
				CLANG_WARN_DEPRECATED_OBJC_IMPLEMENTATIONS = YES;
				CLANG_WARN_DIRECT_OBJC_ISA_USAGE = YES_ERROR;
				CLANG_WARN_DOCUMENTATION_COMMENTS = YES;
				CLANG_WARN_EMPTY_BODY = YES;
				CLANG_WARN_ENUM_CONVERSION = YES;
				CLANG_WARN_INFINITE_RECURSION = YES;
				CLANG_WARN_INT_CONVERSION = YES;
				CLANG_WARN_NON_LITERAL_NULL_CONVERSION = YES;
				CLANG_WARN_OBJC_IMPLICIT_RETAIN_SELF = YES;
				CLANG_WARN_OBJC_LITERAL_CONVERSION = YES;
				CLANG_WARN_OBJC_ROOT_CLASS = YES_ERROR;
				CLANG_WARN_QUOTED_INCLUDE_IN_FRAMEWORK_HEADER = YES;
				CLANG_WARN_RANGE_LOOP_ANALYSIS = YES;
				CLANG_WARN_STRICT_PROTOTYPES = YES;
				CLANG_WARN_SUSPICIOUS_MOVE = YES;
				CLANG_WARN_UNGUARDED_AVAILABILITY = YES_AGGRESSIVE;
				CLANG_WARN_UNREACHABLE_CODE = YES;
				CLANG_WARN__DUPLICATE_METHOD_MATCH = YES;
				COPY_PHASE_STRIP = NO;
				DEBUG_INFORMATION_FORMAT = "dwarf-with-dsym";
				ENABLE_NS_ASSERTIONS = NO;
				ENABLE_STRICT_OBJC_MSGSEND = YES;
				GCC_C_LANGUAGE_STANDARD = gnu11;
				GCC_NO_COMMON_BLOCKS = YES;
				GCC_WARN_64_TO_32_BIT_CONVERSION = YES;
				GCC_WARN_ABOUT_RETURN_TYPE = YES_ERROR;
				GCC_WARN_UNDECLARED_SELECTOR = YES;
				GCC_WARN_UNINITIALIZED_AUTOS = YES_AGGRESSIVE;
				GCC_WARN_UNUSED_FUNCTION = YES;
				GCC_WARN_UNUSED_VARIABLE = YES;
				IPHONEOS_DEPLOYMENT_TARGET = 16.0;
				MTL_ENABLE_DEBUG_INFO = NO;
				MTL_FAST_MATH = YES;
				SDKROOT = iphoneos;
				SWIFT_COMPILATION_MODE = wholemodule;
				SWIFT_OPTIMIZATION_LEVEL = "-O";
				VALIDATE_PRODUCT = YES;
			};
			name = Release;
		};
		ACAD3793290045900080CD54 /* Debug */ = {
			isa = XCBuildConfiguration;
			buildSettings = {
				ASSETCATALOG_COMPILER_APPICON_NAME = AppIcon;
				ASSETCATALOG_COMPILER_GLOBAL_ACCENT_COLOR_NAME = AccentColor;
				CODE_SIGN_STYLE = Automatic;
				CURRENT_PROJECT_VERSION = 1;
				DEVELOPMENT_ASSET_PATHS = "\"first_app/Preview Content\"";
				DEVELOPMENT_TEAM = HT9Z52X223;
				ENABLE_PREVIEWS = YES;
				GENERATE_INFOPLIST_FILE = YES;
				INFOPLIST_KEY_UIApplicationSceneManifest_Generation = YES;
				INFOPLIST_KEY_UIApplicationSupportsIndirectInputEvents = YES;
				INFOPLIST_KEY_UILaunchScreen_Generation = YES;
				INFOPLIST_KEY_UISupportedInterfaceOrientations_iPad = "UIInterfaceOrientationPortrait UIInterfaceOrientationPortraitUpsideDown UIInterfaceOrientationLandscapeLeft UIInterfaceOrientationLandscapeRight";
				INFOPLIST_KEY_UISupportedInterfaceOrientations_iPhone = "UIInterfaceOrientationPortrait UIInterfaceOrientationLandscapeLeft UIInterfaceOrientationLandscapeRight";
				LD_RUNPATH_SEARCH_PATHS = (
					"$(inherited)",
					"@executable_path/Frameworks",
				);
				MARKETING_VERSION = 1.0;
				PRODUCT_BUNDLE_IDENTIFIER = "com.first-app";
				PRODUCT_NAME = "$(TARGET_NAME)";
				SWIFT_EMIT_LOC_STRINGS = YES;
				SWIFT_VERSION = 5.0;
				TARGETED_DEVICE_FAMILY = "1,2";
			};
			name = Debug;
		};
		ACAD3794290045900080CD54 /* Release */ = {
			isa = XCBuildConfiguration;
			buildSettings = {
				ASSETCATALOG_COMPILER_APPICON_NAME = AppIcon;
				ASSETCATALOG_COMPILER_GLOBAL_ACCENT_COLOR_NAME = AccentColor;
				CODE_SIGN_STYLE = Automatic;
				CURRENT_PROJECT_VERSION = 1;
				DEVELOPMENT_ASSET_PATHS = "\"first_app/Preview Content\"";
				DEVELOPMENT_TEAM = HT9Z52X223;
				ENABLE_PREVIEWS = YES;
				GENERATE_INFOPLIST_FILE = YES;
				INFOPLIST_KEY_UIApplicationSceneManifest_Generation = YES;
				INFOPLIST_KEY_UIApplicationSupportsIndirectInputEvents = YES;
				INFOPLIST_KEY_UILaunchScreen_Generation = YES;
				INFOPLIST_KEY_UISupportedInterfaceOrientations_iPad = "UIInterfaceOrientationPortrait UIInterfaceOrientationPortraitUpsideDown UIInterfaceOrientationLandscapeLeft UIInterfaceOrientationLandscapeRight";
				INFOPLIST_KEY_UISupportedInterfaceOrientations_iPhone = "UIInterfaceOrientationPortrait UIInterfaceOrientationLandscapeLeft UIInterfaceOrientationLandscapeRight";
				LD_RUNPATH_SEARCH_PATHS = (
					"$(inherited)",
					"@executable_path/Frameworks",
				);
				MARKETING_VERSION = 1.0;
				PRODUCT_BUNDLE_IDENTIFIER = "com.first-app";
				PRODUCT_NAME = "$(TARGET_NAME)";
				SWIFT_EMIT_LOC_STRINGS = YES;
				SWIFT_VERSION = 5.0;
				TARGETED_DEVICE_FAMILY = "1,2";
			};
			name = Release;
		};
		ACAD3796290045900080CD54 /* Debug */ = {
			isa = XCBuildConfiguration;
			buildSettings = {
				ALWAYS_EMBED_SWIFT_STANDARD_LIBRARIES = YES;
				BUNDLE_LOADER = "$(TEST_HOST)";
				CODE_SIGN_STYLE = Automatic;
				CURRENT_PROJECT_VERSION = 1;
				DEVELOPMENT_TEAM = HT9Z52X223;
				GENERATE_INFOPLIST_FILE = YES;
				IPHONEOS_DEPLOYMENT_TARGET = 16.0;
				MARKETING_VERSION = 1.0;
				PRODUCT_BUNDLE_IDENTIFIER = "com.first-appTests";
				PRODUCT_NAME = "$(TARGET_NAME)";
				SWIFT_EMIT_LOC_STRINGS = NO;
				SWIFT_VERSION = 5.0;
				TARGETED_DEVICE_FAMILY = "1,2";
				TEST_HOST = "$(BUILT_PRODUCTS_DIR)/first_app.app/$(BUNDLE_EXECUTABLE_FOLDER_PATH)/first_app";
			};
			name = Debug;
		};
		ACAD3797290045900080CD54 /* Release */ = {
			isa = XCBuildConfiguration;
			buildSettings = {
				ALWAYS_EMBED_SWIFT_STANDARD_LIBRARIES = YES;
				BUNDLE_LOADER = "$(TEST_HOST)";
				CODE_SIGN_STYLE = Automatic;
				CURRENT_PROJECT_VERSION = 1;
				DEVELOPMENT_TEAM = HT9Z52X223;
				GENERATE_INFOPLIST_FILE = YES;
				IPHONEOS_DEPLOYMENT_TARGET = 16.0;
				MARKETING_VERSION = 1.0;
				PRODUCT_BUNDLE_IDENTIFIER = "com.first-appTests";
				PRODUCT_NAME = "$(TARGET_NAME)";
				SWIFT_EMIT_LOC_STRINGS = NO;
				SWIFT_VERSION = 5.0;
				TARGETED_DEVICE_FAMILY = "1,2";
				TEST_HOST = "$(BUILT_PRODUCTS_DIR)/first_app.app/$(BUNDLE_EXECUTABLE_FOLDER_PATH)/first_app";
			};
			name = Release;
		};
		ACAD3799290045900080CD54 /* Debug */ = {
			isa = XCBuildConfiguration;
			buildSettings = {
				ALWAYS_EMBED_SWIFT_STANDARD_LIBRARIES = YES;
				CODE_SIGN_STYLE = Automatic;
				CURRENT_PROJECT_VERSION = 1;
				DEVELOPMENT_TEAM = HT9Z52X223;
				GENERATE_INFOPLIST_FILE = YES;
				MARKETING_VERSION = 1.0;
				PRODUCT_BUNDLE_IDENTIFIER = "com.first-appUITests";
				PRODUCT_NAME = "$(TARGET_NAME)";
				SWIFT_EMIT_LOC_STRINGS = NO;
				SWIFT_VERSION = 5.0;
				TARGETED_DEVICE_FAMILY = "1,2";
				TEST_TARGET_NAME = first_app;
			};
			name = Debug;
		};
		ACAD379A290045900080CD54 /* Release */ = {
			isa = XCBuildConfiguration;
			buildSettings = {
				ALWAYS_EMBED_SWIFT_STANDARD_LIBRARIES = YES;
				CODE_SIGN_STYLE = Automatic;
				CURRENT_PROJECT_VERSION = 1;
				DEVELOPMENT_TEAM = HT9Z52X223;
				GENERATE_INFOPLIST_FILE = YES;
				MARKETING_VERSION = 1.0;
				PRODUCT_BUNDLE_IDENTIFIER = "com.first-appUITests";
				PRODUCT_NAME = "$(TARGET_NAME)";
				SWIFT_EMIT_LOC_STRINGS = NO;
				SWIFT_VERSION = 5.0;
				TARGETED_DEVICE_FAMILY = "1,2";
				TEST_TARGET_NAME = first_app;
			};
			name = Release;
		};
/* End XCBuildConfiguration section */

/* Begin XCConfigurationList section */
		ACAD37692900458F0080CD54 /* Build configuration list for PBXProject "first_app" */ = {
			isa = XCConfigurationList;
			buildConfigurations = (
				ACAD3790290045900080CD54 /* Debug */,
				ACAD3791290045900080CD54 /* Release */,
			);
			defaultConfigurationIsVisible = 0;
			defaultConfigurationName = Release;
		};
		ACAD3792290045900080CD54 /* Build configuration list for PBXNativeTarget "first_app" */ = {
			isa = XCConfigurationList;
			buildConfigurations = (
				ACAD3793290045900080CD54 /* Debug */,
				ACAD3794290045900080CD54 /* Release */,
			);
			defaultConfigurationIsVisible = 0;
			defaultConfigurationName = Release;
		};
		ACAD3795290045900080CD54 /* Build configuration list for PBXNativeTarget "first_appTests" */ = {
			isa = XCConfigurationList;
			buildConfigurations = (
				ACAD3796290045900080CD54 /* Debug */,
				ACAD3797290045900080CD54 /* Release */,
			);
			defaultConfigurationIsVisible = 0;
			defaultConfigurationName = Release;
		};
		ACAD3798290045900080CD54 /* Build configuration list for PBXNativeTarget "first_appUITests" */ = {
			isa = XCConfigurationList;
			buildConfigurations = (
				ACAD3799290045900080CD54 /* Debug */,
				ACAD379A290045900080CD54 /* Release */,
			);
			defaultConfigurationIsVisible = 0;
			defaultConfigurationName = Release;
		};
/* End XCConfigurationList section */
	};
	rootObject = ACAD37662900458F0080CD54 /* Project object */;
}
